
Microsoft Visual Studio Solution File, Format Version 12.00
# Visual Studio 15
VisualStudioVersion = 15.0.28010.2046
MinimumVisualStudioVersion = 10.0.40219.1
Project("{2150E333-8FDC-42A3-9474-1A3956D46DE8}") = "src", "src", "{238243E7-5178-4298-BBCB-69EB9743B86C}"
EndProject
Project("{9A19103F-16F7-4668-BE54-9A1E7A4F7556}") = "Bayhaksam.Unity", "src\src\Bayhaksam.Unity.csproj", "{D287D204-A436-4315-AD63-B7A23C5DC87D}"
EndProject
Project("{2150E333-8FDC-42A3-9474-1A3956D46DE8}") = "Logging", "Logging", "{3BB93C42-D191-44AC-875E-207239977733}"
EndProject
Project("{2150E333-8FDC-42A3-9474-1A3956D46DE8}") = "src", "src", "{AF5DB8CE-911B-4BBF-87B3-EEA2AF75701E}"
EndProject
Project("{9A19103F-16F7-4668-BE54-9A1E7A4F7556}") = "Bayhaksam.Unity.Logging", "src\Logging\src\Bayhaksam.Unity.Logging.csproj", "{9C649211-E960-4DB4-8D16-4244F0A8EA57}"
EndProject
Project("{2150E333-8FDC-42A3-9474-1A3956D46DE8}") = "lib", "lib", "{9A18EBCF-39AA-4414-B19E-2779D2CA5F82}"
EndProject
Project("{2150E333-8FDC-42A3-9474-1A3956D46DE8}") = "Unity", "Unity", "{7C37F38E-F8EE-4E38-97F7-4A9C55A27B32}"
	ProjectSection(SolutionItems) = preProject
		lib\Unity\UnityEditor.dll = lib\Unity\UnityEditor.dll
		lib\Unity\UnityEngine.dll = lib\Unity\UnityEngine.dll
		lib\Unity\UnityEngine.UI.dll = lib\Unity\UnityEngine.UI.dll
	EndProjectSection
EndProject
Project("{2150E333-8FDC-42A3-9474-1A3956D46DE8}") = "Extensions", "Extensions", "{F3E60068-9911-4E1C-863A-3A3417FC2D9A}"
EndProject
Project("{2150E333-8FDC-42A3-9474-1A3956D46DE8}") = "src", "src", "{29CE54A2-57EC-450E-8545-6EB02D04C0CC}"
EndProject
Project("{9A19103F-16F7-4668-BE54-9A1E7A4F7556}") = "Bayhaksam.Unity.Extensions", "src\Extensions\src\Bayhaksam.Unity.Extensions.csproj", "{5458CBCD-B05B-4AC0-837A-D5FB49895641}"
EndProject
Project("{2150E333-8FDC-42A3-9474-1A3956D46DE8}") = "Bayhaksam", "Bayhaksam", "{60320603-6187-46D6-B068-7E98EFA86AB5}"
	ProjectSection(SolutionItems) = preProject
		lib\Bayhaksam\Bayhaksam.Extensions.dll = lib\Bayhaksam\Bayhaksam.Extensions.dll
	EndProjectSection
EndProject
Project("{2150E333-8FDC-42A3-9474-1A3956D46DE8}") = "UI", "UI", "{88C085F8-081B-4E38-9633-E3641FA02D1C}"
EndProject
Project("{2150E333-8FDC-42A3-9474-1A3956D46DE8}") = "src", "src", "{FD2F644B-A983-43F0-AB87-32B0304B9511}"
EndProject
Project("{9A19103F-16F7-4668-BE54-9A1E7A4F7556}") = "Bayhaksam.Unity.UI", "src\UI\src\Bayhaksam.Unity.UI.csproj", "{62B7C4B8-A2FB-463C-9939-876D828AD8B5}"
EndProject
Project("{2150E333-8FDC-42A3-9474-1A3956D46DE8}") = "Extensions", "Extensions", "{966FC935-2854-44FB-8C9C-26888A396D7F}"
EndProject
Project("{2150E333-8FDC-42A3-9474-1A3956D46DE8}") = "src", "src", "{5040F701-CD2E-4904-85E5-D03BC3615B77}"
EndProject
Project("{9A19103F-16F7-4668-BE54-9A1E7A4F7556}") = "Bayhaksam.Unity.UI.Extensions", "src\UI\Extensions\src\Bayhaksam.Unity.UI.Extensions.csproj", "{572B8E86-5E49-40A7-B280-EE80399EEC3B}"
EndProject
Project("{2150E333-8FDC-42A3-9474-1A3956D46DE8}") = "Net", "Net", "{FC21E65D-B62D-4CC1-B4FC-3AEC145B0E6C}"
EndProject
Project("{2150E333-8FDC-42A3-9474-1A3956D46DE8}") = "src", "src", "{3DDE4798-E377-42CA-9F58-CDE71F9123CB}"
EndProject
Project("{9A19103F-16F7-4668-BE54-9A1E7A4F7556}") = "Bayhaksam.Unity.Net", "src\Net\src\Bayhaksam.Unity.Net.csproj", "{8F1BFAB2-5E10-465C-9351-D8FEDBC8D1FC}"
EndProject
Global
	GlobalSection(SolutionConfigurationPlatforms) = preSolution
		Debug|Any CPU = Debug|Any CPU
		Release|Any CPU = Release|Any CPU
	EndGlobalSection
	GlobalSection(ProjectConfigurationPlatforms) = postSolution
		{D287D204-A436-4315-AD63-B7A23C5DC87D}.Debug|Any CPU.ActiveCfg = Debug|Any CPU
		{D287D204-A436-4315-AD63-B7A23C5DC87D}.Debug|Any CPU.Build.0 = Debug|Any CPU
		{D287D204-A436-4315-AD63-B7A23C5DC87D}.Release|Any CPU.ActiveCfg = Release|Any CPU
		{D287D204-A436-4315-AD63-B7A23C5DC87D}.Release|Any CPU.Build.0 = Release|Any CPU
		{9C649211-E960-4DB4-8D16-4244F0A8EA57}.Debug|Any CPU.ActiveCfg = Debug|Any CPU
		{9C649211-E960-4DB4-8D16-4244F0A8EA57}.Debug|Any CPU.Build.0 = Debug|Any CPU
		{9C649211-E960-4DB4-8D16-4244F0A8EA57}.Release|Any CPU.ActiveCfg = Release|Any CPU
		{9C649211-E960-4DB4-8D16-4244F0A8EA57}.Release|Any CPU.Build.0 = Release|Any CPU
		{5458CBCD-B05B-4AC0-837A-D5FB49895641}.Debug|Any CPU.ActiveCfg = Debug|Any CPU
		{5458CBCD-B05B-4AC0-837A-D5FB49895641}.Debug|Any CPU.Build.0 = Debug|Any CPU
		{5458CBCD-B05B-4AC0-837A-D5FB49895641}.Release|Any CPU.ActiveCfg = Release|Any CPU
		{5458CBCD-B05B-4AC0-837A-D5FB49895641}.Release|Any CPU.Build.0 = Release|Any CPU
		{62B7C4B8-A2FB-463C-9939-876D828AD8B5}.Debug|Any CPU.ActiveCfg = Debug|Any CPU
		{62B7C4B8-A2FB-463C-9939-876D828AD8B5}.Debug|Any CPU.Build.0 = Debug|Any CPU
		{62B7C4B8-A2FB-463C-9939-876D828AD8B5}.Release|Any CPU.ActiveCfg = Release|Any CPU
		{62B7C4B8-A2FB-463C-9939-876D828AD8B5}.Release|Any CPU.Build.0 = Release|Any CPU
		{572B8E86-5E49-40A7-B280-EE80399EEC3B}.Debug|Any CPU.ActiveCfg = Debug|Any CPU
		{572B8E86-5E49-40A7-B280-EE80399EEC3B}.Debug|Any CPU.Build.0 = Debug|Any CPU
		{572B8E86-5E49-40A7-B280-EE80399EEC3B}.Release|Any CPU.ActiveCfg = Release|Any CPU
		{572B8E86-5E49-40A7-B280-EE80399EEC3B}.Release|Any CPU.Build.0 = Release|Any CPU
		{8F1BFAB2-5E10-465C-9351-D8FEDBC8D1FC}.Debug|Any CPU.ActiveCfg = Debug|Any CPU
		{8F1BFAB2-5E10-465C-9351-D8FEDBC8D1FC}.Debug|Any CPU.Build.0 = Debug|Any CPU
		{8F1BFAB2-5E10-465C-9351-D8FEDBC8D1FC}.Release|Any CPU.ActiveCfg = Release|Any CPU
		{8F1BFAB2-5E10-465C-9351-D8FEDBC8D1FC}.Release|Any CPU.Build.0 = Release|Any CPU
	EndGlobalSection
	GlobalSection(SolutionProperties) = preSolution
		HideSolutionNode = FALSE
	EndGlobalSection
	GlobalSection(NestedProjects) = preSolution
		{D287D204-A436-4315-AD63-B7A23C5DC87D} = {238243E7-5178-4298-BBCB-69EB9743B86C}
		{3BB93C42-D191-44AC-875E-207239977733} = {238243E7-5178-4298-BBCB-69EB9743B86C}
		{AF5DB8CE-911B-4BBF-87B3-EEA2AF75701E} = {3BB93C42-D191-44AC-875E-207239977733}
		{9C649211-E960-4DB4-8D16-4244F0A8EA57} = {AF5DB8CE-911B-4BBF-87B3-EEA2AF75701E}
		{7C37F38E-F8EE-4E38-97F7-4A9C55A27B32} = {9A18EBCF-39AA-4414-B19E-2779D2CA5F82}
		{F3E60068-9911-4E1C-863A-3A3417FC2D9A} = {238243E7-5178-4298-BBCB-69EB9743B86C}
		{29CE54A2-57EC-450E-8545-6EB02D04C0CC} = {F3E60068-9911-4E1C-863A-3A3417FC2D9A}
		{5458CBCD-B05B-4AC0-837A-D5FB49895641} = {29CE54A2-57EC-450E-8545-6EB02D04C0CC}
		{60320603-6187-46D6-B068-7E98EFA86AB5} = {9A18EBCF-39AA-4414-B19E-2779D2CA5F82}
		{88C085F8-081B-4E38-9633-E3641FA02D1C} = {238243E7-5178-4298-BBCB-69EB9743B86C}
		{FD2F644B-A983-43F0-AB87-32B0304B9511} = {88C085F8-081B-4E38-9633-E3641FA02D1C}
		{62B7C4B8-A2FB-463C-9939-876D828AD8B5} = {FD2F644B-A983-43F0-AB87-32B0304B9511}
		{966FC935-2854-44FB-8C9C-26888A396D7F} = {88C085F8-081B-4E38-9633-E3641FA02D1C}
		{5040F701-CD2E-4904-85E5-D03BC3615B77} = {966FC935-2854-44FB-8C9C-26888A396D7F}
		{572B8E86-5E49-40A7-B280-EE80399EEC3B} = {5040F701-CD2E-4904-85E5-D03BC3615B77}
		{FC21E65D-B62D-4CC1-B4FC-3AEC145B0E6C} = {238243E7-5178-4298-BBCB-69EB9743B86C}
		{3DDE4798-E377-42CA-9F58-CDE71F9123CB} = {FC21E65D-B62D-4CC1-B4FC-3AEC145B0E6C}
		{8F1BFAB2-5E10-465C-9351-D8FEDBC8D1FC} = {3DDE4798-E377-42CA-9F58-CDE71F9123CB}
	EndGlobalSection
	GlobalSection(ExtensibilityGlobals) = postSolution
		SolutionGuid = {27335403-5C2A-4E4C-8A64-8522ED2D105B}
	EndGlobalSection
EndGlobal
